
Microsoft Visual Studio Solution File, Format Version 12.00
# Visual Studio Version 16
VisualStudioVersion = 16.0.31112.23
MinimumVisualStudioVersion = 10.0.40219.1
Project("{FAE04EC0-301F-11D3-BF4B-00C04F79EFBC}") = "MatriciApp", "MatriciApp\MatriciApp.csproj", "{223C08BF-84AC-4B55-A3F2-BB7403C8AAA6}"
EndProject
Global
	GlobalSection(SolutionConfigurationPlatforms) = preSolution
		Debug|Any CPU = Debug|Any CPU
		Release|Any CPU = Release|Any CPU
	EndGlobalSection
	GlobalSection(ProjectConfigurationPlatforms) = postSolution
		{223C08BF-84AC-4B55-A3F2-BB7403C8AAA6}.Debug|Any CPU.ActiveCfg = Debug|Any CPU
		{223C08BF-84AC-4B55-A3F2-BB7403C8AAA6}.Debug|Any CPU.Build.0 = Debug|Any CPU
		{223C08BF-84AC-4B55-A3F2-BB7403C8AAA6}.Release|Any CPU.ActiveCfg = Release|Any CPU
		{223C08BF-84AC-4B55-A3F2-BB7403C8AAA6}.Release|Any CPU.Build.0 = Release|Any CPU
	EndGlobalSection
	GlobalSection(SolutionProperties) = preSolution
		HideSolutionNode = FALSE
	EndGlobalSection
	GlobalSection(ExtensibilityGlobals) = postSolution
		SolutionGuid = {6EB0C688-F2A5-467C-8D4D-27D4BF6659DB}
	EndGlobalSection
EndGlobal
